{
  "name": "tallerComponent",
  "lockfileVersion": 3,
  "requires": true,
  "packages": {
    "": {
      "dependencies": {
        "lucide": "^0.507.0"
      }
    },
    "node_modules/lucide": {
      "version": "0.507.0",
      "resolved": "https://registry.npmjs.org/lucide/-/lucide-0.507.0.tgz",
      "integrity": "sha512-UVICRUye/KCV+UKptHbPg0gLH0shrR9qm19Bd7BNDoY52pb7DvJUyw9kNBjI2RxC9hvFqzOSqX5GNpzPnxkkbg==",
      "license": "ISC"
    }
  }
}
